{
  "name": "minimal-repro",
  "version": "1.0.0",
  "lockfileVersion": 2,
  "requires": true,
  "packages": {
    "": {
      "name": "minimal-repro",
      "version": "1.0.0",
      "license": "ISC",
      "dependencies": {
        "mathe42.surrealdb.wasm": "^0.0.1"
      }
    },
    "node_modules/mathe42.surrealdb.wasm": {
      "version": "0.0.1",
      "resolved": "https://registry.npmjs.org/mathe42.surrealdb.wasm/-/mathe42.surrealdb.wasm-0.0.1.tgz",
      "integrity": "sha512-XiYVRxWptSiXci+ZKp0qnrp0KUhz7QA33xFD9g1a4DCyLhYAXltpUSIVIS0+ffNRaGg6xGqK6Y5i+Vaje8MZ1w=="
    }
  },
  "dependencies": {
    "mathe42.surrealdb.wasm": {
      "version": "0.0.1",
      "resolved": "https://registry.npmjs.org/mathe42.surrealdb.wasm/-/mathe42.surrealdb.wasm-0.0.1.tgz",
      "integrity": "sha512-XiYVRxWptSiXci+ZKp0qnrp0KUhz7QA33xFD9g1a4DCyLhYAXltpUSIVIS0+ffNRaGg6xGqK6Y5i+Vaje8MZ1w=="
    }
  }
}
